
Microsoft Visual Studio Solution File, Format Version 12.00
# Visual Studio 15
VisualStudioVersion = 15.0.27004.2005
MinimumVisualStudioVersion = 10.0.40219.1
Project("{FAE04EC0-301F-11D3-BF4B-00C04F79EFBC}") = "Editor.Android", "Editor\Editor.Android\Editor.Android.csproj", "{41E1878C-4A25-4577-B40E-DACC5FF1FCF3}"
EndProject
Project("{FAE04EC0-301F-11D3-BF4B-00C04F79EFBC}") = "Editor", "Editor\Editor\Editor.csproj", "{8F8BD4A1-885E-4370-8CF9-47FF54381C1C}"
EndProject
Project("{FAE04EC0-301F-11D3-BF4B-00C04F79EFBC}") = "Editor.UWP", "Editor\Editor.UWP\Editor.UWP.csproj", "{91AF1F86-ECA7-4F91-83B7-61E815F84434}"
EndProject
Project("{FAE04EC0-301F-11D3-BF4B-00C04F79EFBC}") = "Editor.iOS", "Editor\Editor.iOS\Editor.iOS.csproj", "{E8269C69-1144-4A38-8EAA-BA1D8046F42E}"
EndProject
Global
	GlobalSection(SolutionConfigurationPlatforms) = preSolution
		Ad-Hoc|Any CPU = Ad-Hoc|Any CPU
		Ad-Hoc|ARM = Ad-Hoc|ARM
		Ad-Hoc|iPhone = Ad-Hoc|iPhone
		Ad-Hoc|iPhoneSimulator = Ad-Hoc|iPhoneSimulator
		Ad-Hoc|x64 = Ad-Hoc|x64
		Ad-Hoc|x86 = Ad-Hoc|x86
		AppStore|Any CPU = AppStore|Any CPU
		AppStore|ARM = AppStore|ARM
		AppStore|iPhone = AppStore|iPhone
		AppStore|iPhoneSimulator = AppStore|iPhoneSimulator
		AppStore|x64 = AppStore|x64
		AppStore|x86 = AppStore|x86
		Debug|Any CPU = Debug|Any CPU
		Debug|ARM = Debug|ARM
		Debug|iPhone = Debug|iPhone
		Debug|iPhoneSimulator = Debug|iPhoneSimulator
		Debug|x64 = Debug|x64
		Debug|x86 = Debug|x86
		Release|Any CPU = Release|Any CPU
		Release|ARM = Release|ARM
		Release|iPhone = Release|iPhone
		Release|iPhoneSimulator = Release|iPhoneSimulator
		Release|x64 = Release|x64
		Release|x86 = Release|x86
	EndGlobalSection
	GlobalSection(ProjectConfigurationPlatforms) = postSolution
		{41E1878C-4A25-4577-B40E-DACC5FF1FCF3}.Ad-Hoc|Any CPU.ActiveCfg = Release|Any CPU
		{41E1878C-4A25-4577-B40E-DACC5FF1FCF3}.Ad-Hoc|Any CPU.Build.0 = Release|Any CPU
		{41E1878C-4A25-4577-B40E-DACC5FF1FCF3}.Ad-Hoc|Any CPU.Deploy.0 = Release|Any CPU
		{41E1878C-4A25-4577-B40E-DACC5FF1FCF3}.Ad-Hoc|ARM.ActiveCfg = Release|Any CPU
		{41E1878C-4A25-4577-B40E-DACC5FF1FCF3}.Ad-Hoc|ARM.Build.0 = Release|Any CPU
		{41E1878C-4A25-4577-B40E-DACC5FF1FCF3}.Ad-Hoc|ARM.Deploy.0 = Release|Any CPU
		{41E1878C-4A25-4577-B40E-DACC5FF1FCF3}.Ad-Hoc|iPhone.ActiveCfg = Release|Any CPU
		{41E1878C-4A25-4577-B40E-DACC5FF1FCF3}.Ad-Hoc|iPhone.Build.0 = Release|Any CPU
		{41E1878C-4A25-4577-B40E-DACC5FF1FCF3}.Ad-Hoc|iPhone.Deploy.0 = Release|Any CPU
		{41E1878C-4A25-4577-B40E-DACC5FF1FCF3}.Ad-Hoc|iPhoneSimulator.ActiveCfg = Release|Any CPU
		{41E1878C-4A25-4577-B40E-DACC5FF1FCF3}.Ad-Hoc|iPhoneSimulator.Build.0 = Release|Any CPU
		{41E1878C-4A25-4577-B40E-DACC5FF1FCF3}.Ad-Hoc|iPhoneSimulator.Deploy.0 = Release|Any CPU
		{41E1878C-4A25-4577-B40E-DACC5FF1FCF3}.Ad-Hoc|x64.ActiveCfg = Release|Any CPU
		{41E1878C-4A25-4577-B40E-DACC5FF1FCF3}.Ad-Hoc|x64.Build.0 = Release|Any CPU
		{41E1878C-4A25-4577-B40E-DACC5FF1FCF3}.Ad-Hoc|x64.Deploy.0 = Release|Any CPU
		{41E1878C-4A25-4577-B40E-DACC5FF1FCF3}.Ad-Hoc|x86.ActiveCfg = Release|Any CPU
		{41E1878C-4A25-4577-B40E-DACC5FF1FCF3}.Ad-Hoc|x86.Build.0 = Release|Any CPU
		{41E1878C-4A25-4577-B40E-DACC5FF1FCF3}.Ad-Hoc|x86.Deploy.0 = Release|Any CPU
		{41E1878C-4A25-4577-B40E-DACC5FF1FCF3}.AppStore|Any CPU.ActiveCfg = Release|Any CPU
		{41E1878C-4A25-4577-B40E-DACC5FF1FCF3}.AppStore|Any CPU.Build.0 = Release|Any CPU
		{41E1878C-4A25-4577-B40E-DACC5FF1FCF3}.AppStore|Any CPU.Deploy.0 = Release|Any CPU
		{41E1878C-4A25-4577-B40E-DACC5FF1FCF3}.AppStore|ARM.ActiveCfg = Release|Any CPU
		{41E1878C-4A25-4577-B40E-DACC5FF1FCF3}.AppStore|ARM.Build.0 = Release|Any CPU
		{41E1878C-4A25-4577-B40E-DACC5FF1FCF3}.AppStore|ARM.Deploy.0 = Release|Any CPU
		{41E1878C-4A25-4577-B40E-DACC5FF1FCF3}.AppStore|iPhone.ActiveCfg = Release|Any CPU
		{41E1878C-4A25-4577-B40E-DACC5FF1FCF3}.AppStore|iPhone.Build.0 = Release|Any CPU
		{41E1878C-4A25-4577-B40E-DACC5FF1FCF3}.AppStore|iPhone.Deploy.0 = Release|Any CPU
		{41E1878C-4A25-4577-B40E-DACC5FF1FCF3}.AppStore|iPhoneSimulator.ActiveCfg = Release|Any CPU
		{41E1878C-4A25-4577-B40E-DACC5FF1FCF3}.AppStore|iPhoneSimulator.Build.0 = Release|Any CPU
		{41E1878C-4A25-4577-B40E-DACC5FF1FCF3}.AppStore|iPhoneSimulator.Deploy.0 = Release|Any CPU
		{41E1878C-4A25-4577-B40E-DACC5FF1FCF3}.AppStore|x64.ActiveCfg = Release|Any CPU
		{41E1878C-4A25-4577-B40E-DACC5FF1FCF3}.AppStore|x64.Build.0 = Release|Any CPU
		{41E1878C-4A25-4577-B40E-DACC5FF1FCF3}.AppStore|x64.Deploy.0 = Release|Any CPU
		{41E1878C-4A25-4577-B40E-DACC5FF1FCF3}.AppStore|x86.ActiveCfg = Release|Any CPU
		{41E1878C-4A25-4577-B40E-DACC5FF1FCF3}.AppStore|x86.Build.0 = Release|Any CPU
		{41E1878C-4A25-4577-B40E-DACC5FF1FCF3}.AppStore|x86.Deploy.0 = Release|Any CPU
		{41E1878C-4A25-4577-B40E-DACC5FF1FCF3}.Debug|Any CPU.ActiveCfg = Debug|Any CPU
		{41E1878C-4A25-4577-B40E-DACC5FF1FCF3}.Debug|Any CPU.Build.0 = Debug|Any CPU
		{41E1878C-4A25-4577-B40E-DACC5FF1FCF3}.Debug|Any CPU.Deploy.0 = Debug|Any CPU
		{41E1878C-4A25-4577-B40E-DACC5FF1FCF3}.Debug|ARM.ActiveCfg = Debug|Any CPU
		{41E1878C-4A25-4577-B40E-DACC5FF1FCF3}.Debug|ARM.Build.0 = Debug|Any CPU
		{41E1878C-4A25-4577-B40E-DACC5FF1FCF3}.Debug|ARM.Deploy.0 = Debug|Any CPU
		{41E1878C-4A25-4577-B40E-DACC5FF1FCF3}.Debug|iPhone.ActiveCfg = Debug|Any CPU
		{41E1878C-4A25-4577-B40E-DACC5FF1FCF3}.Debug|iPhone.Build.0 = Debug|Any CPU
		{41E1878C-4A25-4577-B40E-DACC5FF1FCF3}.Debug|iPhone.Deploy.0 = Debug|Any CPU
		{41E1878C-4A25-4577-B40E-DACC5FF1FCF3}.Debug|iPhoneSimulator.ActiveCfg = Debug|Any CPU
		{41E1878C-4A25-4577-B40E-DACC5FF1FCF3}.Debug|iPhoneSimulator.Build.0 = Debug|Any CPU
		{41E1878C-4A25-4577-B40E-DACC5FF1FCF3}.Debug|iPhoneSimulator.Deploy.0 = Debug|Any CPU
		{41E1878C-4A25-4577-B40E-DACC5FF1FCF3}.Debug|x64.ActiveCfg = Debug|Any CPU
		{41E1878C-4A25-4577-B40E-DACC5FF1FCF3}.Debug|x64.Build.0 = Debug|Any CPU
		{41E1878C-4A25-4577-B40E-DACC5FF1FCF3}.Debug|x64.Deploy.0 = Debug|Any CPU
		{41E1878C-4A25-4577-B40E-DACC5FF1FCF3}.Debug|x86.ActiveCfg = Debug|Any CPU
		{41E1878C-4A25-4577-B40E-DACC5FF1FCF3}.Debug|x86.Build.0 = Debug|Any CPU
		{41E1878C-4A25-4577-B40E-DACC5FF1FCF3}.Debug|x86.Deploy.0 = Debug|Any CPU
		{41E1878C-4A25-4577-B40E-DACC5FF1FCF3}.Release|Any CPU.ActiveCfg = Release|Any CPU
		{41E1878C-4A25-4577-B40E-DACC5FF1FCF3}.Release|Any CPU.Build.0 = Release|Any CPU
		{41E1878C-4A25-4577-B40E-DACC5FF1FCF3}.Release|Any CPU.Deploy.0 = Release|Any CPU
		{41E1878C-4A25-4577-B40E-DACC5FF1FCF3}.Release|ARM.ActiveCfg = Release|Any CPU
		{41E1878C-4A25-4577-B40E-DACC5FF1FCF3}.Release|ARM.Build.0 = Release|Any CPU
		{41E1878C-4A25-4577-B40E-DACC5FF1FCF3}.Release|ARM.Deploy.0 = Release|Any CPU
		{41E1878C-4A25-4577-B40E-DACC5FF1FCF3}.Release|iPhone.ActiveCfg = Release|Any CPU
		{41E1878C-4A25-4577-B40E-DACC5FF1FCF3}.Release|iPhone.Build.0 = Release|Any CPU
		{41E1878C-4A25-4577-B40E-DACC5FF1FCF3}.Release|iPhone.Deploy.0 = Release|Any CPU
		{41E1878C-4A25-4577-B40E-DACC5FF1FCF3}.Release|iPhoneSimulator.ActiveCfg = Release|Any CPU
		{41E1878C-4A25-4577-B40E-DACC5FF1FCF3}.Release|iPhoneSimulator.Build.0 = Release|Any CPU
		{41E1878C-4A25-4577-B40E-DACC5FF1FCF3}.Release|iPhoneSimulator.Deploy.0 = Release|Any CPU
		{41E1878C-4A25-4577-B40E-DACC5FF1FCF3}.Release|x64.ActiveCfg = Release|Any CPU
		{41E1878C-4A25-4577-B40E-DACC5FF1FCF3}.Release|x64.Build.0 = Release|Any CPU
		{41E1878C-4A25-4577-B40E-DACC5FF1FCF3}.Release|x64.Deploy.0 = Release|Any CPU
		{41E1878C-4A25-4577-B40E-DACC5FF1FCF3}.Release|x86.ActiveCfg = Release|Any CPU
		{41E1878C-4A25-4577-B40E-DACC5FF1FCF3}.Release|x86.Build.0 = Release|Any CPU
		{41E1878C-4A25-4577-B40E-DACC5FF1FCF3}.Release|x86.Deploy.0 = Release|Any CPU
		{8F8BD4A1-885E-4370-8CF9-47FF54381C1C}.Ad-Hoc|Any CPU.ActiveCfg = Release|Any CPU
		{8F8BD4A1-885E-4370-8CF9-47FF54381C1C}.Ad-Hoc|Any CPU.Build.0 = Release|Any CPU
		{8F8BD4A1-885E-4370-8CF9-47FF54381C1C}.Ad-Hoc|ARM.ActiveCfg = Release|Any CPU
		{8F8BD4A1-885E-4370-8CF9-47FF54381C1C}.Ad-Hoc|ARM.Build.0 = Release|Any CPU
		{8F8BD4A1-885E-4370-8CF9-47FF54381C1C}.Ad-Hoc|iPhone.ActiveCfg = Release|Any CPU
		{8F8BD4A1-885E-4370-8CF9-47FF54381C1C}.Ad-Hoc|iPhone.Build.0 = Release|Any CPU
		{8F8BD4A1-885E-4370-8CF9-47FF54381C1C}.Ad-Hoc|iPhoneSimulator.ActiveCfg = Release|Any CPU
		{8F8BD4A1-885E-4370-8CF9-47FF54381C1C}.Ad-Hoc|iPhoneSimulator.Build.0 = Release|Any CPU
		{8F8BD4A1-885E-4370-8CF9-47FF54381C1C}.Ad-Hoc|x64.ActiveCfg = Release|Any CPU
		{8F8BD4A1-885E-4370-8CF9-47FF54381C1C}.Ad-Hoc|x64.Build.0 = Release|Any CPU
		{8F8BD4A1-885E-4370-8CF9-47FF54381C1C}.Ad-Hoc|x86.ActiveCfg = Release|Any CPU
		{8F8BD4A1-885E-4370-8CF9-47FF54381C1C}.Ad-Hoc|x86.Build.0 = Release|Any CPU
		{8F8BD4A1-885E-4370-8CF9-47FF54381C1C}.AppStore|Any CPU.ActiveCfg = Release|Any CPU
		{8F8BD4A1-885E-4370-8CF9-47FF54381C1C}.AppStore|Any CPU.Build.0 = Release|Any CPU
		{8F8BD4A1-885E-4370-8CF9-47FF54381C1C}.AppStore|ARM.ActiveCfg = Release|Any CPU
		{8F8BD4A1-885E-4370-8CF9-47FF54381C1C}.AppStore|ARM.Build.0 = Release|Any CPU
		{8F8BD4A1-885E-4370-8CF9-47FF54381C1C}.AppStore|iPhone.ActiveCfg = Release|Any CPU
		{8F8BD4A1-885E-4370-8CF9-47FF54381C1C}.AppStore|iPhone.Build.0 = Release|Any CPU
		{8F8BD4A1-885E-4370-8CF9-47FF54381C1C}.AppStore|iPhoneSimulator.ActiveCfg = Release|Any CPU
		{8F8BD4A1-885E-4370-8CF9-47FF54381C1C}.AppStore|iPhoneSimulator.Build.0 = Release|Any CPU
		{8F8BD4A1-885E-4370-8CF9-47FF54381C1C}.AppStore|x64.ActiveCfg = Release|Any CPU
		{8F8BD4A1-885E-4370-8CF9-47FF54381C1C}.AppStore|x64.Build.0 = Release|Any CPU
		{8F8BD4A1-885E-4370-8CF9-47FF54381C1C}.AppStore|x86.ActiveCfg = Release|Any CPU
		{8F8BD4A1-885E-4370-8CF9-47FF54381C1C}.AppStore|x86.Build.0 = Release|Any CPU
		{8F8BD4A1-885E-4370-8CF9-47FF54381C1C}.Debug|Any CPU.ActiveCfg = Debug|Any CPU
		{8F8BD4A1-885E-4370-8CF9-47FF54381C1C}.Debug|Any CPU.Build.0 = Debug|Any CPU
		{8F8BD4A1-885E-4370-8CF9-47FF54381C1C}.Debug|ARM.ActiveCfg = Debug|Any CPU
		{8F8BD4A1-885E-4370-8CF9-47FF54381C1C}.Debug|ARM.Build.0 = Debug|Any CPU
		{8F8BD4A1-885E-4370-8CF9-47FF54381C1C}.Debug|iPhone.ActiveCfg = Debug|Any CPU
		{8F8BD4A1-885E-4370-8CF9-47FF54381C1C}.Debug|iPhone.Build.0 = Debug|Any CPU
		{8F8BD4A1-885E-4370-8CF9-47FF54381C1C}.Debug|iPhoneSimulator.ActiveCfg = Debug|Any CPU
		{8F8BD4A1-885E-4370-8CF9-47FF54381C1C}.Debug|iPhoneSimulator.Build.0 = Debug|Any CPU
		{8F8BD4A1-885E-4370-8CF9-47FF54381C1C}.Debug|x64.ActiveCfg = Debug|Any CPU
		{8F8BD4A1-885E-4370-8CF9-47FF54381C1C}.Debug|x64.Build.0 = Debug|Any CPU
		{8F8BD4A1-885E-4370-8CF9-47FF54381C1C}.Debug|x86.ActiveCfg = Debug|Any CPU
		{8F8BD4A1-885E-4370-8CF9-47FF54381C1C}.Debug|x86.Build.0 = Debug|Any CPU
		{8F8BD4A1-885E-4370-8CF9-47FF54381C1C}.Release|Any CPU.ActiveCfg = Release|Any CPU
		{8F8BD4A1-885E-4370-8CF9-47FF54381C1C}.Release|Any CPU.Build.0 = Release|Any CPU
		{8F8BD4A1-885E-4370-8CF9-47FF54381C1C}.Release|ARM.ActiveCfg = Release|Any CPU
		{8F8BD4A1-885E-4370-8CF9-47FF54381C1C}.Release|ARM.Build.0 = Release|Any CPU
		{8F8BD4A1-885E-4370-8CF9-47FF54381C1C}.Release|iPhone.ActiveCfg = Release|Any CPU
		{8F8BD4A1-885E-4370-8CF9-47FF54381C1C}.Release|iPhone.Build.0 = Release|Any CPU
		{8F8BD4A1-885E-4370-8CF9-47FF54381C1C}.Release|iPhoneSimulator.ActiveCfg = Release|Any CPU
		{8F8BD4A1-885E-4370-8CF9-47FF54381C1C}.Release|iPhoneSimulator.Build.0 = Release|Any CPU
		{8F8BD4A1-885E-4370-8CF9-47FF54381C1C}.Release|x64.ActiveCfg = Release|Any CPU
		{8F8BD4A1-885E-4370-8CF9-47FF54381C1C}.Release|x64.Build.0 = Release|Any CPU
		{8F8BD4A1-885E-4370-8CF9-47FF54381C1C}.Release|x86.ActiveCfg = Release|Any CPU
		{8F8BD4A1-885E-4370-8CF9-47FF54381C1C}.Release|x86.Build.0 = Release|Any CPU
		{91AF1F86-ECA7-4F91-83B7-61E815F84434}.Ad-Hoc|Any CPU.ActiveCfg = Release|x86
		{91AF1F86-ECA7-4F91-83B7-61E815F84434}.Ad-Hoc|Any CPU.Build.0 = Release|x86
		{91AF1F86-ECA7-4F91-83B7-61E815F84434}.Ad-Hoc|Any CPU.Deploy.0 = Release|x86
		{91AF1F86-ECA7-4F91-83B7-61E815F84434}.Ad-Hoc|ARM.ActiveCfg = Release|ARM
		{91AF1F86-ECA7-4F91-83B7-61E815F84434}.Ad-Hoc|ARM.Build.0 = Release|ARM
		{91AF1F86-ECA7-4F91-83B7-61E815F84434}.Ad-Hoc|ARM.Deploy.0 = Release|ARM
		{91AF1F86-ECA7-4F91-83B7-61E815F84434}.Ad-Hoc|iPhone.ActiveCfg = Release|x86
		{91AF1F86-ECA7-4F91-83B7-61E815F84434}.Ad-Hoc|iPhone.Build.0 = Release|x86
		{91AF1F86-ECA7-4F91-83B7-61E815F84434}.Ad-Hoc|iPhone.Deploy.0 = Release|x86
		{91AF1F86-ECA7-4F91-83B7-61E815F84434}.Ad-Hoc|iPhoneSimulator.ActiveCfg = Release|x86
		{91AF1F86-ECA7-4F91-83B7-61E815F84434}.Ad-Hoc|iPhoneSimulator.Build.0 = Release|x86
		{91AF1F86-ECA7-4F91-83B7-61E815F84434}.Ad-Hoc|iPhoneSimulator.Deploy.0 = Release|x86
		{91AF1F86-ECA7-4F91-83B7-61E815F84434}.Ad-Hoc|x64.ActiveCfg = Release|x64
		{91AF1F86-ECA7-4F91-83B7-61E815F84434}.Ad-Hoc|x64.Build.0 = Release|x64
		{91AF1F86-ECA7-4F91-83B7-61E815F84434}.Ad-Hoc|x64.Deploy.0 = Release|x64
		{91AF1F86-ECA7-4F91-83B7-61E815F84434}.Ad-Hoc|x86.ActiveCfg = Release|x86
		{91AF1F86-ECA7-4F91-83B7-61E815F84434}.Ad-Hoc|x86.Build.0 = Release|x86
		{91AF1F86-ECA7-4F91-83B7-61E815F84434}.Ad-Hoc|x86.Deploy.0 = Release|x86
		{91AF1F86-ECA7-4F91-83B7-61E815F84434}.AppStore|Any CPU.ActiveCfg = Release|x86
		{91AF1F86-ECA7-4F91-83B7-61E815F84434}.AppStore|Any CPU.Build.0 = Release|x86
		{91AF1F86-ECA7-4F91-83B7-61E815F84434}.AppStore|Any CPU.Deploy.0 = Release|x86
		{91AF1F86-ECA7-4F91-83B7-61E815F84434}.AppStore|ARM.ActiveCfg = Release|ARM
		{91AF1F86-ECA7-4F91-83B7-61E815F84434}.AppStore|ARM.Build.0 = Release|ARM
		{91AF1F86-ECA7-4F91-83B7-61E815F84434}.AppStore|ARM.Deploy.0 = Release|ARM
		{91AF1F86-ECA7-4F91-83B7-61E815F84434}.AppStore|iPhone.ActiveCfg = Release|x86
		{91AF1F86-ECA7-4F91-83B7-61E815F84434}.AppStore|iPhone.Build.0 = Release|x86
		{91AF1F86-ECA7-4F91-83B7-61E815F84434}.AppStore|iPhone.Deploy.0 = Release|x86
		{91AF1F86-ECA7-4F91-83B7-61E815F84434}.AppStore|iPhoneSimulator.ActiveCfg = Release|x86
		{91AF1F86-ECA7-4F91-83B7-61E815F84434}.AppStore|iPhoneSimulator.Build.0 = Release|x86
		{91AF1F86-ECA7-4F91-83B7-61E815F84434}.AppStore|iPhoneSimulator.Deploy.0 = Release|x86
		{91AF1F86-ECA7-4F91-83B7-61E815F84434}.AppStore|x64.ActiveCfg = Release|x64
		{91AF1F86-ECA7-4F91-83B7-61E815F84434}.AppStore|x64.Build.0 = Release|x64
		{91AF1F86-ECA7-4F91-83B7-61E815F84434}.AppStore|x64.Deploy.0 = Release|x64
		{91AF1F86-ECA7-4F91-83B7-61E815F84434}.AppStore|x86.ActiveCfg = Release|x86
		{91AF1F86-ECA7-4F91-83B7-61E815F84434}.AppStore|x86.Build.0 = Release|x86
		{91AF1F86-ECA7-4F91-83B7-61E815F84434}.AppStore|x86.Deploy.0 = Release|x86
		{91AF1F86-ECA7-4F91-83B7-61E815F84434}.Debug|Any CPU.ActiveCfg = Debug|x86
		{91AF1F86-ECA7-4F91-83B7-61E815F84434}.Debug|ARM.ActiveCfg = Debug|ARM
		{91AF1F86-ECA7-4F91-83B7-61E815F84434}.Debug|ARM.Build.0 = Debug|ARM
		{91AF1F86-ECA7-4F91-83B7-61E815F84434}.Debug|ARM.Deploy.0 = Debug|ARM
		{91AF1F86-ECA7-4F91-83B7-61E815F84434}.Debug|iPhone.ActiveCfg = Debug|x86
		{91AF1F86-ECA7-4F91-83B7-61E815F84434}.Debug|iPhoneSimulator.ActiveCfg = Debug|x86
		{91AF1F86-ECA7-4F91-83B7-61E815F84434}.Debug|x64.ActiveCfg = Debug|x64
		{91AF1F86-ECA7-4F91-83B7-61E815F84434}.Debug|x64.Build.0 = Debug|x64
		{91AF1F86-ECA7-4F91-83B7-61E815F84434}.Debug|x64.Deploy.0 = Debug|x64
		{91AF1F86-ECA7-4F91-83B7-61E815F84434}.Debug|x86.ActiveCfg = Debug|x86
		{91AF1F86-ECA7-4F91-83B7-61E815F84434}.Debug|x86.Build.0 = Debug|x86
		{91AF1F86-ECA7-4F91-83B7-61E815F84434}.Debug|x86.Deploy.0 = Debug|x86
		{91AF1F86-ECA7-4F91-83B7-61E815F84434}.Release|Any CPU.ActiveCfg = Release|x86
		{91AF1F86-ECA7-4F91-83B7-61E815F84434}.Release|ARM.ActiveCfg = Release|ARM
		{91AF1F86-ECA7-4F91-83B7-61E815F84434}.Release|ARM.Build.0 = Release|ARM
		{91AF1F86-ECA7-4F91-83B7-61E815F84434}.Release|ARM.Deploy.0 = Release|ARM
		{91AF1F86-ECA7-4F91-83B7-61E815F84434}.Release|iPhone.ActiveCfg = Release|x86
		{91AF1F86-ECA7-4F91-83B7-61E815F84434}.Release|iPhoneSimulator.ActiveCfg = Release|x86
		{91AF1F86-ECA7-4F91-83B7-61E815F84434}.Release|x64.ActiveCfg = Release|x64
		{91AF1F86-ECA7-4F91-83B7-61E815F84434}.Release|x64.Build.0 = Release|x64
		{91AF1F86-ECA7-4F91-83B7-61E815F84434}.Release|x64.Deploy.0 = Release|x64
		{91AF1F86-ECA7-4F91-83B7-61E815F84434}.Release|x86.ActiveCfg = Release|x86
		{91AF1F86-ECA7-4F91-83B7-61E815F84434}.Release|x86.Build.0 = Release|x86
		{91AF1F86-ECA7-4F91-83B7-61E815F84434}.Release|x86.Deploy.0 = Release|x86
		{E8269C69-1144-4A38-8EAA-BA1D8046F42E}.Ad-Hoc|Any CPU.ActiveCfg = Ad-Hoc|iPhoneSimulator
		{E8269C69-1144-4A38-8EAA-BA1D8046F42E}.Ad-Hoc|ARM.ActiveCfg = Ad-Hoc|iPhone
		{E8269C69-1144-4A38-8EAA-BA1D8046F42E}.Ad-Hoc|iPhone.ActiveCfg = Ad-Hoc|iPhone
		{E8269C69-1144-4A38-8EAA-BA1D8046F42E}.Ad-Hoc|iPhone.Build.0 = Ad-Hoc|iPhone
		{E8269C69-1144-4A38-8EAA-BA1D8046F42E}.Ad-Hoc|iPhoneSimulator.ActiveCfg = Ad-Hoc|iPhoneSimulator
		{E8269C69-1144-4A38-8EAA-BA1D8046F42E}.Ad-Hoc|iPhoneSimulator.Build.0 = Ad-Hoc|iPhoneSimulator
		{E8269C69-1144-4A38-8EAA-BA1D8046F42E}.Ad-Hoc|x64.ActiveCfg = Ad-Hoc|iPhone
		{E8269C69-1144-4A38-8EAA-BA1D8046F42E}.Ad-Hoc|x86.ActiveCfg = Ad-Hoc|iPhone
		{E8269C69-1144-4A38-8EAA-BA1D8046F42E}.AppStore|Any CPU.ActiveCfg = AppStore|iPhoneSimulator
		{E8269C69-1144-4A38-8EAA-BA1D8046F42E}.AppStore|ARM.ActiveCfg = AppStore|iPhone
		{E8269C69-1144-4A38-8EAA-BA1D8046F42E}.AppStore|iPhone.ActiveCfg = AppStore|iPhone
		{E8269C69-1144-4A38-8EAA-BA1D8046F42E}.AppStore|iPhone.Build.0 = AppStore|iPhone
		{E8269C69-1144-4A38-8EAA-BA1D8046F42E}.AppStore|iPhoneSimulator.ActiveCfg = AppStore|iPhoneSimulator
		{E8269C69-1144-4A38-8EAA-BA1D8046F42E}.AppStore|iPhoneSimulator.Build.0 = AppStore|iPhoneSimulator
		{E8269C69-1144-4A38-8EAA-BA1D8046F42E}.AppStore|x64.ActiveCfg = AppStore|iPhone
		{E8269C69-1144-4A38-8EAA-BA1D8046F42E}.AppStore|x86.ActiveCfg = AppStore|iPhone
		{E8269C69-1144-4A38-8EAA-BA1D8046F42E}.Debug|Any CPU.ActiveCfg = Debug|iPhoneSimulator
		{E8269C69-1144-4A38-8EAA-BA1D8046F42E}.Debug|ARM.ActiveCfg = Debug|iPhone
		{E8269C69-1144-4A38-8EAA-BA1D8046F42E}.Debug|iPhone.ActiveCfg = Debug|iPhone
		{E8269C69-1144-4A38-8EAA-BA1D8046F42E}.Debug|iPhone.Build.0 = Debug|iPhone
		{E8269C69-1144-4A38-8EAA-BA1D8046F42E}.Debug|iPhoneSimulator.ActiveCfg = Debug|iPhoneSimulator
		{E8269C69-1144-4A38-8EAA-BA1D8046F42E}.Debug|iPhoneSimulator.Build.0 = Debug|iPhoneSimulator
		{E8269C69-1144-4A38-8EAA-BA1D8046F42E}.Debug|x64.ActiveCfg = Debug|iPhone
		{E8269C69-1144-4A38-8EAA-BA1D8046F42E}.Debug|x86.ActiveCfg = Debug|iPhone
		{E8269C69-1144-4A38-8EAA-BA1D8046F42E}.Release|Any CPU.ActiveCfg = Release|iPhoneSimulator
		{E8269C69-1144-4A38-8EAA-BA1D8046F42E}.Release|ARM.ActiveCfg = Release|iPhone
		{E8269C69-1144-4A38-8EAA-BA1D8046F42E}.Release|iPhone.ActiveCfg = Release|iPhone
		{E8269C69-1144-4A38-8EAA-BA1D8046F42E}.Release|iPhone.Build.0 = Release|iPhone
		{E8269C69-1144-4A38-8EAA-BA1D8046F42E}.Release|iPhoneSimulator.ActiveCfg = Release|iPhoneSimulator
		{E8269C69-1144-4A38-8EAA-BA1D8046F42E}.Release|iPhoneSimulator.Build.0 = Release|iPhoneSimulator
		{E8269C69-1144-4A38-8EAA-BA1D8046F42E}.Release|x64.ActiveCfg = Release|iPhone
		{E8269C69-1144-4A38-8EAA-BA1D8046F42E}.Release|x86.ActiveCfg = Release|iPhone
	EndGlobalSection
	GlobalSection(SolutionProperties) = preSolution
		HideSolutionNode = FALSE
	EndGlobalSection
	GlobalSection(ExtensibilityGlobals) = postSolution
		SolutionGuid = {7EB21F7E-CE7D-4373-82D6-1C801AD345F3}
	EndGlobalSection
EndGlobal
